
Microsoft Visual Studio Solution File, Format Version 12.00
# Visual Studio Version 17
VisualStudioVersion = 17.14.36518.9
MinimumVisualStudioVersion = 10.0.40219.1
Project("{FAE04EC0-301F-11D3-BF4B-00C04F79EFBC}") = "Trasformazioni", "Trasformazioni.csproj", "{424A2735-33F8-4EF4-B51A-5EE90835CC73}"
EndProject
Global
	GlobalSection(SolutionConfigurationPlatforms) = preSolution
		Debug|Any CPU = Debug|Any CPU
		Release|Any CPU = Release|Any CPU
	EndGlobalSection
	GlobalSection(ProjectConfigurationPlatforms) = postSolution
		{424A2735-33F8-4EF4-B51A-5EE90835CC73}.Debug|Any CPU.ActiveCfg = Debug|Any CPU
		{424A2735-33F8-4EF4-B51A-5EE90835CC73}.Debug|Any CPU.Build.0 = Debug|Any CPU
		{424A2735-33F8-4EF4-B51A-5EE90835CC73}.Release|Any CPU.ActiveCfg = Release|Any CPU
		{424A2735-33F8-4EF4-B51A-5EE90835CC73}.Release|Any CPU.Build.0 = Release|Any CPU
	EndGlobalSection
	GlobalSection(SolutionProperties) = preSolution
		HideSolutionNode = FALSE
	EndGlobalSection
	GlobalSection(ExtensibilityGlobals) = postSolution
		SolutionGuid = {9AA69671-E017-47CE-9EFD-B45361CD91D4}
	EndGlobalSection
EndGlobal
